
Microsoft Visual Studio Solution File, Format Version 12.00
# Visual Studio Version 17
VisualStudioVersion = 17.0.31903.59
MinimumVisualStudioVersion = 10.0.40219.1
Project("{2150E333-8FDC-42A3-9474-1A3956D46DE8}") = "src", "src", "{C20C3E2B-3C25-4F05-8D14-DF6163407787}"
EndProject
Project("{FAE04EC0-301F-11D3-BF4B-00C04F79EFBC}") = "ChampionsChromo.Api", "src\ChampionsChromo.Api\ChampionsChromo.Api.csproj", "{D46DF44B-752F-4663-9460-A9B406DD1FDE}"
EndProject
Project("{FAE04EC0-301F-11D3-BF4B-00C04F79EFBC}") = "ChampionsChromo.Application", "src\ChampionsChromo.Application\ChampionsChromo.Application.csproj", "{C9F3CEE7-99C9-4E31-8688-556AB9D780BF}"
EndProject
Project("{FAE04EC0-301F-11D3-BF4B-00C04F79EFBC}") = "ChampionsChromo.Core", "src\ChampionsChromo.Core\ChampionsChromo.Core.csproj", "{2CC8021C-1908-43EB-8FAF-9505B8AB01B5}"
EndProject
Project("{FAE04EC0-301F-11D3-BF4B-00C04F79EFBC}") = "ChampionsChromo.Infrastructure", "src\ChampionsChromo.Infrastructure\ChampionsChromo.Infrastructure.csproj", "{8954C372-40A8-4117-9E3B-1BE2AF34E35A}"
EndProject
Global
	GlobalSection(SolutionConfigurationPlatforms) = preSolution
		Debug|Any CPU = Debug|Any CPU
		Release|Any CPU = Release|Any CPU
	EndGlobalSection
	GlobalSection(SolutionProperties) = preSolution
		HideSolutionNode = FALSE
	EndGlobalSection
	GlobalSection(ProjectConfigurationPlatforms) = postSolution
		{D46DF44B-752F-4663-9460-A9B406DD1FDE}.Debug|Any CPU.ActiveCfg = Debug|Any CPU
		{D46DF44B-752F-4663-9460-A9B406DD1FDE}.Debug|Any CPU.Build.0 = Debug|Any CPU
		{D46DF44B-752F-4663-9460-A9B406DD1FDE}.Release|Any CPU.ActiveCfg = Release|Any CPU
		{D46DF44B-752F-4663-9460-A9B406DD1FDE}.Release|Any CPU.Build.0 = Release|Any CPU
		{C9F3CEE7-99C9-4E31-8688-556AB9D780BF}.Debug|Any CPU.ActiveCfg = Debug|Any CPU
		{C9F3CEE7-99C9-4E31-8688-556AB9D780BF}.Debug|Any CPU.Build.0 = Debug|Any CPU
		{C9F3CEE7-99C9-4E31-8688-556AB9D780BF}.Release|Any CPU.ActiveCfg = Release|Any CPU
		{C9F3CEE7-99C9-4E31-8688-556AB9D780BF}.Release|Any CPU.Build.0 = Release|Any CPU
		{2CC8021C-1908-43EB-8FAF-9505B8AB01B5}.Debug|Any CPU.ActiveCfg = Debug|Any CPU
		{2CC8021C-1908-43EB-8FAF-9505B8AB01B5}.Debug|Any CPU.Build.0 = Debug|Any CPU
		{2CC8021C-1908-43EB-8FAF-9505B8AB01B5}.Release|Any CPU.ActiveCfg = Release|Any CPU
		{2CC8021C-1908-43EB-8FAF-9505B8AB01B5}.Release|Any CPU.Build.0 = Release|Any CPU
		{8954C372-40A8-4117-9E3B-1BE2AF34E35A}.Debug|Any CPU.ActiveCfg = Debug|Any CPU
		{8954C372-40A8-4117-9E3B-1BE2AF34E35A}.Debug|Any CPU.Build.0 = Debug|Any CPU
		{8954C372-40A8-4117-9E3B-1BE2AF34E35A}.Release|Any CPU.ActiveCfg = Release|Any CPU
		{8954C372-40A8-4117-9E3B-1BE2AF34E35A}.Release|Any CPU.Build.0 = Release|Any CPU
	EndGlobalSection
	GlobalSection(NestedProjects) = preSolution
		{D46DF44B-752F-4663-9460-A9B406DD1FDE} = {C20C3E2B-3C25-4F05-8D14-DF6163407787}
		{C9F3CEE7-99C9-4E31-8688-556AB9D780BF} = {C20C3E2B-3C25-4F05-8D14-DF6163407787}
		{2CC8021C-1908-43EB-8FAF-9505B8AB01B5} = {C20C3E2B-3C25-4F05-8D14-DF6163407787}
		{8954C372-40A8-4117-9E3B-1BE2AF34E35A} = {C20C3E2B-3C25-4F05-8D14-DF6163407787}
	EndGlobalSection
EndGlobal
